# This file is automatically @generated by Poetry 1.6.1 and should not be changed by hand.

[[package]]
name = "xkcdpass"
version = "1.19.4"
description = "Generate secure multiword passwords/passphrases, inspired by XKCD"
optional = false
python-versions = "*"
files = [
    {file = "xkcdpass-1.19.4.tar.gz", hash = "sha256:2935d54b482d19bcb54656bda01cbbec9ee41ffd42d235a52705fd95cab70fd7"},
]

[metadata]
lock-version = "2.0"
python-versions = "^3.11"
content-hash = "c6c0f53141ca397ebb7e46c6296fac55ca1fe89842674eaaaee1235bc80ef116"
